
Microsoft Visual Studio Solution File, Format Version 12.00
# Visual Studio Version 17
VisualStudioVersion = 17.13.35828.75 d17.13
MinimumVisualStudioVersion = 10.0.40219.1
Project("{FAE04EC0-301F-11D3-BF4B-00C04F79EFBC}") = "Assignment4", "Assignment4\Assignment4.csproj", "{A50A402F-C6CE-4A9F-BB52-355771E35367}"
EndProject
Global
	GlobalSection(SolutionConfigurationPlatforms) = preSolution
		Debug|Any CPU = Debug|Any CPU
		Release|Any CPU = Release|Any CPU
	EndGlobalSection
	GlobalSection(ProjectConfigurationPlatforms) = postSolution
		{A50A402F-C6CE-4A9F-BB52-355771E35367}.Debug|Any CPU.ActiveCfg = Debug|Any CPU
		{A50A402F-C6CE-4A9F-BB52-355771E35367}.Debug|Any CPU.Build.0 = Debug|Any CPU
		{A50A402F-C6CE-4A9F-BB52-355771E35367}.Release|Any CPU.ActiveCfg = Release|Any CPU
		{A50A402F-C6CE-4A9F-BB52-355771E35367}.Release|Any CPU.Build.0 = Release|Any CPU
	EndGlobalSection
	GlobalSection(SolutionProperties) = preSolution
		HideSolutionNode = FALSE
	EndGlobalSection
	GlobalSection(ExtensibilityGlobals) = postSolution
		SolutionGuid = {F44A858A-1225-48D0-8A91-D3EC61DC0255}
	EndGlobalSection
EndGlobal
